
Microsoft Visual Studio Solution File, Format Version 12.00
# Visual Studio 15
VisualStudioVersion = 15.0.26730.16
MinimumVisualStudioVersion = 10.0.40219.1
Project("{FAE04EC0-301F-11D3-BF4B-00C04F79EFBC}") = "FourInARow", "FourInARow\FourInARow.csproj", "{B31CB8BB-8371-47E4-8303-38A4C691B5CD}"
EndProject
Global
	GlobalSection(SolutionConfigurationPlatforms) = preSolution
		Debug|Any CPU = Debug|Any CPU
		Release|Any CPU = Release|Any CPU
	EndGlobalSection
	GlobalSection(ProjectConfigurationPlatforms) = postSolution
		{B31CB8BB-8371-47E4-8303-38A4C691B5CD}.Debug|Any CPU.ActiveCfg = Debug|Any CPU
		{B31CB8BB-8371-47E4-8303-38A4C691B5CD}.Debug|Any CPU.Build.0 = Debug|Any CPU
		{B31CB8BB-8371-47E4-8303-38A4C691B5CD}.Release|Any CPU.ActiveCfg = Release|Any CPU
		{B31CB8BB-8371-47E4-8303-38A4C691B5CD}.Release|Any CPU.Build.0 = Release|Any CPU
	EndGlobalSection
	GlobalSection(SolutionProperties) = preSolution
		HideSolutionNode = FALSE
	EndGlobalSection
	GlobalSection(ExtensibilityGlobals) = postSolution
		SolutionGuid = {816B0BC8-D860-44BF-9247-7C53161AFD03}
	EndGlobalSection
EndGlobal
